
Microsoft Visual Studio Solution File, Format Version 12.00
# Visual Studio 15
VisualStudioVersion = 15.0.27004.2005
MinimumVisualStudioVersion = 10.0.40219.1
Project("{9A19103F-16F7-4668-BE54-9A1E7A4F7556}") = "Cool.Normalization", "src\Cool.Normalization\Cool.Normalization.csproj", "{DE08ED38-CBA9-4444-87E5-64567F98A917}"
EndProject
Project("{9A19103F-16F7-4668-BE54-9A1E7A4F7556}") = "Cool.Normalization.EntityFrameworkCore", "src\Cool.Normalization.EntityFrameworkCore\Cool.Normalization.EntityFrameworkCore.csproj", "{001ACB88-DB19-4890-8DDC-BBDA06359436}"
EndProject
Project("{2150E333-8FDC-42A3-9474-1A3956D46DE8}") = "src", "src", "{66D39592-D4D2-45A0-88F5-0C11E2C05B96}"
EndProject
Project("{2150E333-8FDC-42A3-9474-1A3956D46DE8}") = "test", "test", "{5402605A-F843-48B9-B29C-3799FB6FCC01}"
EndProject
Project("{9A19103F-16F7-4668-BE54-9A1E7A4F7556}") = "Cool.Normalization.Tests", "test\Cool.Normalization.Tests\Cool.Normalization.Tests.csproj", "{FC06C893-939D-4B59-B568-4D16A442B480}"
EndProject
Project("{9A19103F-16F7-4668-BE54-9A1E7A4F7556}") = "Cool.Normalization.Abstractions", "src\Cool.Normalization.Abstractions\Cool.Normalization.Abstractions.csproj", "{F6349AA2-3167-471D-9D8F-27F3A9C35768}"
EndProject
Project("{2150E333-8FDC-42A3-9474-1A3956D46DE8}") = "Solution Items", "Solution Items", "{8D3BB5CB-BFE3-4146-8FE0-2B93607FB049}"
	ProjectSection(SolutionItems) = preProject
		.gitattributes = .gitattributes
		.gitignore = .gitignore
		cool-icon.ico = cool-icon.ico
		LICENSE = LICENSE
		README.md = README.md
	EndProjectSection
EndProject
Project("{9A19103F-16F7-4668-BE54-9A1E7A4F7556}") = "Cool.Normalization.StdoutAuditingStore", "src\Cool.Normalization.StdoutAuditingStore\Cool.Normalization.StdoutAuditingStore.csproj", "{DE37674E-D7E8-4E81-B138-9DBF14D00F5F}"
EndProject
Project("{9A19103F-16F7-4668-BE54-9A1E7A4F7556}") = "Cool.Normalization.StdoutAuditingStore.Tests", "test\Cool.Normalization.StdoutAuditingStore.Tests\Cool.Normalization.StdoutAuditingStore.Tests.csproj", "{023E1E31-ED23-4654-8060-906E405ABF95}"
EndProject
Project("{9A19103F-16F7-4668-BE54-9A1E7A4F7556}") = "Cool.Normalization.Messages", "src\Cool.Normalization.Messages\Cool.Normalization.Messages.csproj", "{D8B74954-C404-43DA-9710-DB0244452CE6}"
EndProject
Project("{9A19103F-16F7-4668-BE54-9A1E7A4F7556}") = "Cool.Normalization.Messages.Tests", "test\Cool.Normalization.Messages.Tests\Cool.Normalization.Messages.Tests.csproj", "{0F0FDBD3-E8F7-446D-BB66-56217F06964F}"
EndProject
Project("{9A19103F-16F7-4668-BE54-9A1E7A4F7556}") = "Cool.Validations", "src\Cool.Validations\Cool.Validations.csproj", "{7587198B-22A3-49FD-803B-3431A905879F}"
EndProject
Project("{FAE04EC0-301F-11D3-BF4B-00C04F79EFBC}") = "Cool.Messages.Proxy.Legacy", "src\Cool.Messages.Proxy.Legacy\Cool.Messages.Proxy.Legacy.csproj", "{70544AFB-2514-4994-AED4-FCE01128DBF8}"
EndProject
Project("{9A19103F-16F7-4668-BE54-9A1E7A4F7556}") = "Cool.Validations.Tests", "test\Cool.Validations.Tests\Cool.Validations.Tests.csproj", "{5F60DEB9-2482-44D6-AA7E-12A293199025}"
EndProject
Project("{FAE04EC0-301F-11D3-BF4B-00C04F79EFBC}") = "Cool.Message.Proxy", "src\Cool.Message.Proxy\Cool.Message.Proxy.csproj", "{9DA5BFBD-F6BC-4487-97FF-66D4DDC88267}"
EndProject
Global
	GlobalSection(SolutionConfigurationPlatforms) = preSolution
		Debug|Any CPU = Debug|Any CPU
		Release|Any CPU = Release|Any CPU
	EndGlobalSection
	GlobalSection(ProjectConfigurationPlatforms) = postSolution
		{DE08ED38-CBA9-4444-87E5-64567F98A917}.Debug|Any CPU.ActiveCfg = Debug|Any CPU
		{DE08ED38-CBA9-4444-87E5-64567F98A917}.Debug|Any CPU.Build.0 = Debug|Any CPU
		{DE08ED38-CBA9-4444-87E5-64567F98A917}.Release|Any CPU.ActiveCfg = Release|Any CPU
		{DE08ED38-CBA9-4444-87E5-64567F98A917}.Release|Any CPU.Build.0 = Release|Any CPU
		{001ACB88-DB19-4890-8DDC-BBDA06359436}.Debug|Any CPU.ActiveCfg = Debug|Any CPU
		{001ACB88-DB19-4890-8DDC-BBDA06359436}.Debug|Any CPU.Build.0 = Debug|Any CPU
		{001ACB88-DB19-4890-8DDC-BBDA06359436}.Release|Any CPU.ActiveCfg = Release|Any CPU
		{001ACB88-DB19-4890-8DDC-BBDA06359436}.Release|Any CPU.Build.0 = Release|Any CPU
		{FC06C893-939D-4B59-B568-4D16A442B480}.Debug|Any CPU.ActiveCfg = Debug|Any CPU
		{FC06C893-939D-4B59-B568-4D16A442B480}.Debug|Any CPU.Build.0 = Debug|Any CPU
		{FC06C893-939D-4B59-B568-4D16A442B480}.Release|Any CPU.ActiveCfg = Release|Any CPU
		{FC06C893-939D-4B59-B568-4D16A442B480}.Release|Any CPU.Build.0 = Release|Any CPU
		{F6349AA2-3167-471D-9D8F-27F3A9C35768}.Debug|Any CPU.ActiveCfg = Debug|Any CPU
		{F6349AA2-3167-471D-9D8F-27F3A9C35768}.Debug|Any CPU.Build.0 = Debug|Any CPU
		{F6349AA2-3167-471D-9D8F-27F3A9C35768}.Release|Any CPU.ActiveCfg = Release|Any CPU
		{F6349AA2-3167-471D-9D8F-27F3A9C35768}.Release|Any CPU.Build.0 = Release|Any CPU
		{DE37674E-D7E8-4E81-B138-9DBF14D00F5F}.Debug|Any CPU.ActiveCfg = Debug|Any CPU
		{DE37674E-D7E8-4E81-B138-9DBF14D00F5F}.Debug|Any CPU.Build.0 = Debug|Any CPU
		{DE37674E-D7E8-4E81-B138-9DBF14D00F5F}.Release|Any CPU.ActiveCfg = Release|Any CPU
		{DE37674E-D7E8-4E81-B138-9DBF14D00F5F}.Release|Any CPU.Build.0 = Release|Any CPU
		{023E1E31-ED23-4654-8060-906E405ABF95}.Debug|Any CPU.ActiveCfg = Debug|Any CPU
		{023E1E31-ED23-4654-8060-906E405ABF95}.Debug|Any CPU.Build.0 = Debug|Any CPU
		{023E1E31-ED23-4654-8060-906E405ABF95}.Release|Any CPU.ActiveCfg = Release|Any CPU
		{023E1E31-ED23-4654-8060-906E405ABF95}.Release|Any CPU.Build.0 = Release|Any CPU
		{D8B74954-C404-43DA-9710-DB0244452CE6}.Debug|Any CPU.ActiveCfg = Debug|Any CPU
		{D8B74954-C404-43DA-9710-DB0244452CE6}.Debug|Any CPU.Build.0 = Debug|Any CPU
		{D8B74954-C404-43DA-9710-DB0244452CE6}.Release|Any CPU.ActiveCfg = Release|Any CPU
		{D8B74954-C404-43DA-9710-DB0244452CE6}.Release|Any CPU.Build.0 = Release|Any CPU
		{0F0FDBD3-E8F7-446D-BB66-56217F06964F}.Debug|Any CPU.ActiveCfg = Debug|Any CPU
		{0F0FDBD3-E8F7-446D-BB66-56217F06964F}.Debug|Any CPU.Build.0 = Debug|Any CPU
		{0F0FDBD3-E8F7-446D-BB66-56217F06964F}.Release|Any CPU.ActiveCfg = Release|Any CPU
		{0F0FDBD3-E8F7-446D-BB66-56217F06964F}.Release|Any CPU.Build.0 = Release|Any CPU
		{7587198B-22A3-49FD-803B-3431A905879F}.Debug|Any CPU.ActiveCfg = Debug|Any CPU
		{7587198B-22A3-49FD-803B-3431A905879F}.Debug|Any CPU.Build.0 = Debug|Any CPU
		{7587198B-22A3-49FD-803B-3431A905879F}.Release|Any CPU.ActiveCfg = Release|Any CPU
		{7587198B-22A3-49FD-803B-3431A905879F}.Release|Any CPU.Build.0 = Release|Any CPU
		{70544AFB-2514-4994-AED4-FCE01128DBF8}.Debug|Any CPU.ActiveCfg = Debug|Any CPU
		{70544AFB-2514-4994-AED4-FCE01128DBF8}.Debug|Any CPU.Build.0 = Debug|Any CPU
		{70544AFB-2514-4994-AED4-FCE01128DBF8}.Release|Any CPU.ActiveCfg = Release|Any CPU
		{70544AFB-2514-4994-AED4-FCE01128DBF8}.Release|Any CPU.Build.0 = Release|Any CPU
		{5F60DEB9-2482-44D6-AA7E-12A293199025}.Debug|Any CPU.ActiveCfg = Debug|Any CPU
		{5F60DEB9-2482-44D6-AA7E-12A293199025}.Debug|Any CPU.Build.0 = Debug|Any CPU
		{5F60DEB9-2482-44D6-AA7E-12A293199025}.Release|Any CPU.ActiveCfg = Release|Any CPU
		{5F60DEB9-2482-44D6-AA7E-12A293199025}.Release|Any CPU.Build.0 = Release|Any CPU
		{9DA5BFBD-F6BC-4487-97FF-66D4DDC88267}.Debug|Any CPU.ActiveCfg = Debug|Any CPU
		{9DA5BFBD-F6BC-4487-97FF-66D4DDC88267}.Debug|Any CPU.Build.0 = Debug|Any CPU
		{9DA5BFBD-F6BC-4487-97FF-66D4DDC88267}.Release|Any CPU.ActiveCfg = Release|Any CPU
		{9DA5BFBD-F6BC-4487-97FF-66D4DDC88267}.Release|Any CPU.Build.0 = Release|Any CPU
	EndGlobalSection
	GlobalSection(SolutionProperties) = preSolution
		HideSolutionNode = FALSE
	EndGlobalSection
	GlobalSection(NestedProjects) = preSolution
		{DE08ED38-CBA9-4444-87E5-64567F98A917} = {66D39592-D4D2-45A0-88F5-0C11E2C05B96}
		{001ACB88-DB19-4890-8DDC-BBDA06359436} = {66D39592-D4D2-45A0-88F5-0C11E2C05B96}
		{FC06C893-939D-4B59-B568-4D16A442B480} = {5402605A-F843-48B9-B29C-3799FB6FCC01}
		{F6349AA2-3167-471D-9D8F-27F3A9C35768} = {66D39592-D4D2-45A0-88F5-0C11E2C05B96}
		{DE37674E-D7E8-4E81-B138-9DBF14D00F5F} = {66D39592-D4D2-45A0-88F5-0C11E2C05B96}
		{023E1E31-ED23-4654-8060-906E405ABF95} = {5402605A-F843-48B9-B29C-3799FB6FCC01}
		{D8B74954-C404-43DA-9710-DB0244452CE6} = {66D39592-D4D2-45A0-88F5-0C11E2C05B96}
		{0F0FDBD3-E8F7-446D-BB66-56217F06964F} = {5402605A-F843-48B9-B29C-3799FB6FCC01}
		{7587198B-22A3-49FD-803B-3431A905879F} = {66D39592-D4D2-45A0-88F5-0C11E2C05B96}
		{70544AFB-2514-4994-AED4-FCE01128DBF8} = {66D39592-D4D2-45A0-88F5-0C11E2C05B96}
		{5F60DEB9-2482-44D6-AA7E-12A293199025} = {5402605A-F843-48B9-B29C-3799FB6FCC01}
		{9DA5BFBD-F6BC-4487-97FF-66D4DDC88267} = {66D39592-D4D2-45A0-88F5-0C11E2C05B96}
	EndGlobalSection
	GlobalSection(ExtensibilityGlobals) = postSolution
		SolutionGuid = {12BBE57E-F306-46C8-9C15-B98EA00DC44E}
	EndGlobalSection
EndGlobal
