Microsoft Visual Studio Solution File, Format Version 12.00
# Visual Studio 15
VisualStudioVersion = 15.0.27130.2020
MinimumVisualStudioVersion = 10.0.40219.1
Project("{9A19103F-16F7-4668-BE54-9A1E7A4F7556}") = "Cool.Normalization.Wrapping", "src\Cool.Normalization.Wrapping\Cool.Normalization.Wrapping.csproj", "{DE08ED38-CBA9-4444-87E5-64567F98A917}"
EndProject
Project("{2150E333-8FDC-42A3-9474-1A3956D46DE8}") = "src", "src", "{66D39592-D4D2-45A0-88F5-0C11E2C05B96}"
EndProject
Project("{2150E333-8FDC-42A3-9474-1A3956D46DE8}") = "test", "test", "{5402605A-F843-48B9-B29C-3799FB6FCC01}"
EndProject
Project("{9A19103F-16F7-4668-BE54-9A1E7A4F7556}") = "Cool.Normalization.Wrapping.Tests", "test\Cool.Normalization.Wrapping.Tests\Cool.Normalization.Wrapping.Tests.csproj", "{FC06C893-939D-4B59-B568-4D16A442B480}"
EndProject
Project("{9A19103F-16F7-4668-BE54-9A1E7A4F7556}") = "Cool.Normalization.Abstractions", "src\Cool.Normalization.Abstractions\Cool.Normalization.Abstractions.csproj", "{F6349AA2-3167-471D-9D8F-27F3A9C35768}"
EndProject
Project("{2150E333-8FDC-42A3-9474-1A3956D46DE8}") = "Solution Items", "Solution Items", "{8D3BB5CB-BFE3-4146-8FE0-2B93607FB049}"
	ProjectSection(SolutionItems) = preProject
		.gitattributes = .gitattributes
		.gitignore = .gitignore
		cool-icon.ico = cool-icon.ico
		LICENSE = LICENSE
		README.md = README.md
	EndProjectSection
EndProject
Project("{9A19103F-16F7-4668-BE54-9A1E7A4F7556}") = "Cool.Normalization.StdoutAuditingStore", "src\Cool.Normalization.StdoutAuditingStore\Cool.Normalization.StdoutAuditingStore.csproj", "{DE37674E-D7E8-4E81-B138-9DBF14D00F5F}"
EndProject
Project("{9A19103F-16F7-4668-BE54-9A1E7A4F7556}") = "Cool.Normalization.StdoutAuditingStore.Tests", "test\Cool.Normalization.StdoutAuditingStore.Tests\Cool.Normalization.StdoutAuditingStore.Tests.csproj", "{023E1E31-ED23-4654-8060-906E405ABF95}"
EndProject
Project("{9A19103F-16F7-4668-BE54-9A1E7A4F7556}") = "Cool.Normalization.Messages", "src\Cool.Normalization.Messages\Cool.Normalization.Messages.csproj", "{D8B74954-C404-43DA-9710-DB0244452CE6}"
EndProject
Project("{9A19103F-16F7-4668-BE54-9A1E7A4F7556}") = "Cool.Normalization.Messages.Tests", "test\Cool.Normalization.Messages.Tests\Cool.Normalization.Messages.Tests.csproj", "{0F0FDBD3-E8F7-446D-BB66-56217F06964F}"
EndProject
Project("{9A19103F-16F7-4668-BE54-9A1E7A4F7556}") = "Cool.Validations", "src\Cool.Validations\Cool.Validations.csproj", "{7587198B-22A3-49FD-803B-3431A905879F}"
EndProject
Project("{9A19103F-16F7-4668-BE54-9A1E7A4F7556}") = "Cool.Validations.Tests", "test\Cool.Validations.Tests\Cool.Validations.Tests.csproj", "{5F60DEB9-2482-44D6-AA7E-12A293199025}"
EndProject
Project("{9A19103F-16F7-4668-BE54-9A1E7A4F7556}") = "Cool.Normalization.Client.Abstractions", "src\Cool.Normalization.Client.Abstractions\Cool.Normalization.Client.Abstractions.csproj", "{729C72F3-A4F0-4C9C-A7C0-12A32F758CA7}"
EndProject
Project("{9A19103F-16F7-4668-BE54-9A1E7A4F7556}") = "Cool.Normalization.Messages.Abp076", "src\Cool.Normalization.Messages.Abp076\Cool.Normalization.Messages.Abp076.csproj", "{1DF63BD4-F9BC-4BFA-8ED4-71ADF786AFA0}"
EndProject
Project("{9A19103F-16F7-4668-BE54-9A1E7A4F7556}") = "Cool.Normalization.Permissions", "src\Cool.Normalization.Permissions\Cool.Normalization.Permissions.csproj", "{6E2C5FEB-9CB2-42FB-B1B5-90224DD20F6B}"
EndProject
Project("{9A19103F-16F7-4668-BE54-9A1E7A4F7556}") = "Cool.Normalization.Permissions.RemoteProxies", "src\Cool.Normalization.Permissions.RemoteProxies\Cool.Normalization.Permissions.RemoteProxies.csproj", "{B0D6B9BA-B531-4E4C-9E7B-AF1668CAED13}"
EndProject
Project("{9A19103F-16F7-4668-BE54-9A1E7A4F7556}") = "normalizationtests.Web", "test\normalizationtests.Web\normalizationtests.Web.csproj", "{3FDCB8A0-9916-4DF5-977D-2E5FA3A842DD}"
EndProject
Project("{9A19103F-16F7-4668-BE54-9A1E7A4F7556}") = "Cool.Normalization.Client.AbpIntegration", "src\Cool.Normalization.Client.AbpIntegration\Cool.Normalization.Client.AbpIntegration.csproj", "{CE72DF24-D4E6-4FE9-8EA2-A6393327E62D}"
EndProject
Project("{9A19103F-16F7-4668-BE54-9A1E7A4F7556}") = "Cool.Normalization", "src\Cool.Normalization\Cool.Normalization.csproj", "{80E43D58-ABE3-43BF-8759-C5FE387A8D73}"
EndProject
Project("{9A19103F-16F7-4668-BE54-9A1E7A4F7556}") = "Cool.Normalization.SwaggerIntegration", "src\Cool.Normalization.SwaggerIntegration\Cool.Normalization.SwaggerIntegration.csproj", "{A49ACB4E-DC34-4629-9A68-AD3679F405A1}"
EndProject
Project("{9A19103F-16F7-4668-BE54-9A1E7A4F7556}") = "Cool.Normalization.Abstractions.AbpIntegration", "src\Cool.Normalization.Abstractions.AbpIntegration\Cool.Normalization.Abstractions.AbpIntegration.csproj", "{4826D4BA-E0B5-44A1-8E97-B3FBBD960204}"
EndProject
Project("{9A19103F-16F7-4668-BE54-9A1E7A4F7556}") = "Cool.Normalization.Permissions.Tests", "test\Cool.Normalization.Permissions.Tests\Cool.Normalization.Permissions.Tests.csproj", "{832E9F09-AD62-4C7B-9223-61F307762AC8}"
EndProject
Project("{9A19103F-16F7-4668-BE54-9A1E7A4F7556}") = "Cool.Normalization.Permissions.RemoteProxies.Tests", "test\Cool.Normalization.Permissions.RemoteProxies.Tests\Cool.Normalization.Permissions.RemoteProxies.Tests.csproj", "{D8D8B9A0-24D7-4067-83CE-0E33C1DA1DBE}"
EndProject
Global
	GlobalSection(SolutionConfigurationPlatforms) = preSolution
		Debug|Any CPU = Debug|Any CPU
		Debug|x64 = Debug|x64
		Debug|x86 = Debug|x86
		Release|Any CPU = Release|Any CPU
		Release|x64 = Release|x64
		Release|x86 = Release|x86
	EndGlobalSection
	GlobalSection(ProjectConfigurationPlatforms) = postSolution
		{DE08ED38-CBA9-4444-87E5-64567F98A917}.Debug|Any CPU.ActiveCfg = Debug|Any CPU
		{DE08ED38-CBA9-4444-87E5-64567F98A917}.Debug|Any CPU.Build.0 = Debug|Any CPU
		{DE08ED38-CBA9-4444-87E5-64567F98A917}.Debug|x64.ActiveCfg = Debug|Any CPU
		{DE08ED38-CBA9-4444-87E5-64567F98A917}.Debug|x64.Build.0 = Debug|Any CPU
		{DE08ED38-CBA9-4444-87E5-64567F98A917}.Debug|x86.ActiveCfg = Debug|Any CPU
		{DE08ED38-CBA9-4444-87E5-64567F98A917}.Debug|x86.Build.0 = Debug|Any CPU
		{DE08ED38-CBA9-4444-87E5-64567F98A917}.Release|Any CPU.ActiveCfg = Release|Any CPU
		{DE08ED38-CBA9-4444-87E5-64567F98A917}.Release|Any CPU.Build.0 = Release|Any CPU
		{DE08ED38-CBA9-4444-87E5-64567F98A917}.Release|x64.ActiveCfg = Release|Any CPU
		{DE08ED38-CBA9-4444-87E5-64567F98A917}.Release|x64.Build.0 = Release|Any CPU
		{DE08ED38-CBA9-4444-87E5-64567F98A917}.Release|x86.ActiveCfg = Release|Any CPU
		{DE08ED38-CBA9-4444-87E5-64567F98A917}.Release|x86.Build.0 = Release|Any CPU
		{FC06C893-939D-4B59-B568-4D16A442B480}.Debug|Any CPU.ActiveCfg = Debug|Any CPU
		{FC06C893-939D-4B59-B568-4D16A442B480}.Debug|Any CPU.Build.0 = Debug|Any CPU
		{FC06C893-939D-4B59-B568-4D16A442B480}.Debug|x64.ActiveCfg = Debug|Any CPU
		{FC06C893-939D-4B59-B568-4D16A442B480}.Debug|x64.Build.0 = Debug|Any CPU
		{FC06C893-939D-4B59-B568-4D16A442B480}.Debug|x86.ActiveCfg = Debug|Any CPU
		{FC06C893-939D-4B59-B568-4D16A442B480}.Debug|x86.Build.0 = Debug|Any CPU
		{FC06C893-939D-4B59-B568-4D16A442B480}.Release|Any CPU.ActiveCfg = Release|Any CPU
		{FC06C893-939D-4B59-B568-4D16A442B480}.Release|Any CPU.Build.0 = Release|Any CPU
		{FC06C893-939D-4B59-B568-4D16A442B480}.Release|x64.ActiveCfg = Release|Any CPU
		{FC06C893-939D-4B59-B568-4D16A442B480}.Release|x64.Build.0 = Release|Any CPU
		{FC06C893-939D-4B59-B568-4D16A442B480}.Release|x86.ActiveCfg = Release|Any CPU
		{FC06C893-939D-4B59-B568-4D16A442B480}.Release|x86.Build.0 = Release|Any CPU
		{F6349AA2-3167-471D-9D8F-27F3A9C35768}.Debug|Any CPU.ActiveCfg = Debug|Any CPU
		{F6349AA2-3167-471D-9D8F-27F3A9C35768}.Debug|Any CPU.Build.0 = Debug|Any CPU
		{F6349AA2-3167-471D-9D8F-27F3A9C35768}.Debug|x64.ActiveCfg = Debug|Any CPU
		{F6349AA2-3167-471D-9D8F-27F3A9C35768}.Debug|x64.Build.0 = Debug|Any CPU
		{F6349AA2-3167-471D-9D8F-27F3A9C35768}.Debug|x86.ActiveCfg = Debug|Any CPU
		{F6349AA2-3167-471D-9D8F-27F3A9C35768}.Debug|x86.Build.0 = Debug|Any CPU
		{F6349AA2-3167-471D-9D8F-27F3A9C35768}.Release|Any CPU.ActiveCfg = Release|Any CPU
		{F6349AA2-3167-471D-9D8F-27F3A9C35768}.Release|Any CPU.Build.0 = Release|Any CPU
		{F6349AA2-3167-471D-9D8F-27F3A9C35768}.Release|x64.ActiveCfg = Release|Any CPU
		{F6349AA2-3167-471D-9D8F-27F3A9C35768}.Release|x64.Build.0 = Release|Any CPU
		{F6349AA2-3167-471D-9D8F-27F3A9C35768}.Release|x86.ActiveCfg = Release|Any CPU
		{F6349AA2-3167-471D-9D8F-27F3A9C35768}.Release|x86.Build.0 = Release|Any CPU
		{DE37674E-D7E8-4E81-B138-9DBF14D00F5F}.Debug|Any CPU.ActiveCfg = Debug|Any CPU
		{DE37674E-D7E8-4E81-B138-9DBF14D00F5F}.Debug|Any CPU.Build.0 = Debug|Any CPU
		{DE37674E-D7E8-4E81-B138-9DBF14D00F5F}.Debug|x64.ActiveCfg = Debug|Any CPU
		{DE37674E-D7E8-4E81-B138-9DBF14D00F5F}.Debug|x64.Build.0 = Debug|Any CPU
		{DE37674E-D7E8-4E81-B138-9DBF14D00F5F}.Debug|x86.ActiveCfg = Debug|Any CPU
		{DE37674E-D7E8-4E81-B138-9DBF14D00F5F}.Debug|x86.Build.0 = Debug|Any CPU
		{DE37674E-D7E8-4E81-B138-9DBF14D00F5F}.Release|Any CPU.ActiveCfg = Release|Any CPU
		{DE37674E-D7E8-4E81-B138-9DBF14D00F5F}.Release|Any CPU.Build.0 = Release|Any CPU
		{DE37674E-D7E8-4E81-B138-9DBF14D00F5F}.Release|x64.ActiveCfg = Release|Any CPU
		{DE37674E-D7E8-4E81-B138-9DBF14D00F5F}.Release|x64.Build.0 = Release|Any CPU
		{DE37674E-D7E8-4E81-B138-9DBF14D00F5F}.Release|x86.ActiveCfg = Release|Any CPU
		{DE37674E-D7E8-4E81-B138-9DBF14D00F5F}.Release|x86.Build.0 = Release|Any CPU
		{023E1E31-ED23-4654-8060-906E405ABF95}.Debug|Any CPU.ActiveCfg = Debug|Any CPU
		{023E1E31-ED23-4654-8060-906E405ABF95}.Debug|Any CPU.Build.0 = Debug|Any CPU
		{023E1E31-ED23-4654-8060-906E405ABF95}.Debug|x64.ActiveCfg = Debug|Any CPU
		{023E1E31-ED23-4654-8060-906E405ABF95}.Debug|x64.Build.0 = Debug|Any CPU
		{023E1E31-ED23-4654-8060-906E405ABF95}.Debug|x86.ActiveCfg = Debug|Any CPU
		{023E1E31-ED23-4654-8060-906E405ABF95}.Debug|x86.Build.0 = Debug|Any CPU
		{023E1E31-ED23-4654-8060-906E405ABF95}.Release|Any CPU.ActiveCfg = Release|Any CPU
		{023E1E31-ED23-4654-8060-906E405ABF95}.Release|Any CPU.Build.0 = Release|Any CPU
		{023E1E31-ED23-4654-8060-906E405ABF95}.Release|x64.ActiveCfg = Release|Any CPU
		{023E1E31-ED23-4654-8060-906E405ABF95}.Release|x64.Build.0 = Release|Any CPU
		{023E1E31-ED23-4654-8060-906E405ABF95}.Release|x86.ActiveCfg = Release|Any CPU
		{023E1E31-ED23-4654-8060-906E405ABF95}.Release|x86.Build.0 = Release|Any CPU
		{D8B74954-C404-43DA-9710-DB0244452CE6}.Debug|Any CPU.ActiveCfg = Debug|Any CPU
		{D8B74954-C404-43DA-9710-DB0244452CE6}.Debug|Any CPU.Build.0 = Debug|Any CPU
		{D8B74954-C404-43DA-9710-DB0244452CE6}.Debug|x64.ActiveCfg = Debug|Any CPU
		{D8B74954-C404-43DA-9710-DB0244452CE6}.Debug|x64.Build.0 = Debug|Any CPU
		{D8B74954-C404-43DA-9710-DB0244452CE6}.Debug|x86.ActiveCfg = Debug|Any CPU
		{D8B74954-C404-43DA-9710-DB0244452CE6}.Debug|x86.Build.0 = Debug|Any CPU
		{D8B74954-C404-43DA-9710-DB0244452CE6}.Release|Any CPU.ActiveCfg = Release|Any CPU
		{D8B74954-C404-43DA-9710-DB0244452CE6}.Release|Any CPU.Build.0 = Release|Any CPU
		{D8B74954-C404-43DA-9710-DB0244452CE6}.Release|x64.ActiveCfg = Release|Any CPU
		{D8B74954-C404-43DA-9710-DB0244452CE6}.Release|x64.Build.0 = Release|Any CPU
		{D8B74954-C404-43DA-9710-DB0244452CE6}.Release|x86.ActiveCfg = Release|Any CPU
		{D8B74954-C404-43DA-9710-DB0244452CE6}.Release|x86.Build.0 = Release|Any CPU
		{0F0FDBD3-E8F7-446D-BB66-56217F06964F}.Debug|Any CPU.ActiveCfg = Debug|Any CPU
		{0F0FDBD3-E8F7-446D-BB66-56217F06964F}.Debug|Any CPU.Build.0 = Debug|Any CPU
		{0F0FDBD3-E8F7-446D-BB66-56217F06964F}.Debug|x64.ActiveCfg = Debug|Any CPU
		{0F0FDBD3-E8F7-446D-BB66-56217F06964F}.Debug|x64.Build.0 = Debug|Any CPU
		{0F0FDBD3-E8F7-446D-BB66-56217F06964F}.Debug|x86.ActiveCfg = Debug|Any CPU
		{0F0FDBD3-E8F7-446D-BB66-56217F06964F}.Debug|x86.Build.0 = Debug|Any CPU
		{0F0FDBD3-E8F7-446D-BB66-56217F06964F}.Release|Any CPU.ActiveCfg = Release|Any CPU
		{0F0FDBD3-E8F7-446D-BB66-56217F06964F}.Release|Any CPU.Build.0 = Release|Any CPU
		{0F0FDBD3-E8F7-446D-BB66-56217F06964F}.Release|x64.ActiveCfg = Release|Any CPU
		{0F0FDBD3-E8F7-446D-BB66-56217F06964F}.Release|x64.Build.0 = Release|Any CPU
		{0F0FDBD3-E8F7-446D-BB66-56217F06964F}.Release|x86.ActiveCfg = Release|Any CPU
		{0F0FDBD3-E8F7-446D-BB66-56217F06964F}.Release|x86.Build.0 = Release|Any CPU
		{7587198B-22A3-49FD-803B-3431A905879F}.Debug|Any CPU.ActiveCfg = Debug|Any CPU
		{7587198B-22A3-49FD-803B-3431A905879F}.Debug|Any CPU.Build.0 = Debug|Any CPU
		{7587198B-22A3-49FD-803B-3431A905879F}.Debug|x64.ActiveCfg = Debug|Any CPU
		{7587198B-22A3-49FD-803B-3431A905879F}.Debug|x64.Build.0 = Debug|Any CPU
		{7587198B-22A3-49FD-803B-3431A905879F}.Debug|x86.ActiveCfg = Debug|Any CPU
		{7587198B-22A3-49FD-803B-3431A905879F}.Debug|x86.Build.0 = Debug|Any CPU
		{7587198B-22A3-49FD-803B-3431A905879F}.Release|Any CPU.ActiveCfg = Release|Any CPU
		{7587198B-22A3-49FD-803B-3431A905879F}.Release|Any CPU.Build.0 = Release|Any CPU
		{7587198B-22A3-49FD-803B-3431A905879F}.Release|x64.ActiveCfg = Release|Any CPU
		{7587198B-22A3-49FD-803B-3431A905879F}.Release|x64.Build.0 = Release|Any CPU
		{7587198B-22A3-49FD-803B-3431A905879F}.Release|x86.ActiveCfg = Release|Any CPU
		{7587198B-22A3-49FD-803B-3431A905879F}.Release|x86.Build.0 = Release|Any CPU
		{5F60DEB9-2482-44D6-AA7E-12A293199025}.Debug|Any CPU.ActiveCfg = Debug|Any CPU
		{5F60DEB9-2482-44D6-AA7E-12A293199025}.Debug|Any CPU.Build.0 = Debug|Any CPU
		{5F60DEB9-2482-44D6-AA7E-12A293199025}.Debug|x64.ActiveCfg = Debug|Any CPU
		{5F60DEB9-2482-44D6-AA7E-12A293199025}.Debug|x64.Build.0 = Debug|Any CPU
		{5F60DEB9-2482-44D6-AA7E-12A293199025}.Debug|x86.ActiveCfg = Debug|Any CPU
		{5F60DEB9-2482-44D6-AA7E-12A293199025}.Debug|x86.Build.0 = Debug|Any CPU
		{5F60DEB9-2482-44D6-AA7E-12A293199025}.Release|Any CPU.ActiveCfg = Release|Any CPU
		{5F60DEB9-2482-44D6-AA7E-12A293199025}.Release|Any CPU.Build.0 = Release|Any CPU
		{5F60DEB9-2482-44D6-AA7E-12A293199025}.Release|x64.ActiveCfg = Release|Any CPU
		{5F60DEB9-2482-44D6-AA7E-12A293199025}.Release|x64.Build.0 = Release|Any CPU
		{5F60DEB9-2482-44D6-AA7E-12A293199025}.Release|x86.ActiveCfg = Release|Any CPU
		{5F60DEB9-2482-44D6-AA7E-12A293199025}.Release|x86.Build.0 = Release|Any CPU
		{729C72F3-A4F0-4C9C-A7C0-12A32F758CA7}.Debug|Any CPU.ActiveCfg = Debug|Any CPU
		{729C72F3-A4F0-4C9C-A7C0-12A32F758CA7}.Debug|Any CPU.Build.0 = Debug|Any CPU
		{729C72F3-A4F0-4C9C-A7C0-12A32F758CA7}.Debug|x64.ActiveCfg = Debug|Any CPU
		{729C72F3-A4F0-4C9C-A7C0-12A32F758CA7}.Debug|x64.Build.0 = Debug|Any CPU
		{729C72F3-A4F0-4C9C-A7C0-12A32F758CA7}.Debug|x86.ActiveCfg = Debug|Any CPU
		{729C72F3-A4F0-4C9C-A7C0-12A32F758CA7}.Debug|x86.Build.0 = Debug|Any CPU
		{729C72F3-A4F0-4C9C-A7C0-12A32F758CA7}.Release|Any CPU.ActiveCfg = Release|Any CPU
		{729C72F3-A4F0-4C9C-A7C0-12A32F758CA7}.Release|Any CPU.Build.0 = Release|Any CPU
		{729C72F3-A4F0-4C9C-A7C0-12A32F758CA7}.Release|x64.ActiveCfg = Release|Any CPU
		{729C72F3-A4F0-4C9C-A7C0-12A32F758CA7}.Release|x64.Build.0 = Release|Any CPU
		{729C72F3-A4F0-4C9C-A7C0-12A32F758CA7}.Release|x86.ActiveCfg = Release|Any CPU
		{729C72F3-A4F0-4C9C-A7C0-12A32F758CA7}.Release|x86.Build.0 = Release|Any CPU
		{1DF63BD4-F9BC-4BFA-8ED4-71ADF786AFA0}.Debug|Any CPU.ActiveCfg = Debug|Any CPU
		{1DF63BD4-F9BC-4BFA-8ED4-71ADF786AFA0}.Debug|Any CPU.Build.0 = Debug|Any CPU
		{1DF63BD4-F9BC-4BFA-8ED4-71ADF786AFA0}.Debug|x64.ActiveCfg = Debug|Any CPU
		{1DF63BD4-F9BC-4BFA-8ED4-71ADF786AFA0}.Debug|x64.Build.0 = Debug|Any CPU
		{1DF63BD4-F9BC-4BFA-8ED4-71ADF786AFA0}.Debug|x86.ActiveCfg = Debug|Any CPU
		{1DF63BD4-F9BC-4BFA-8ED4-71ADF786AFA0}.Debug|x86.Build.0 = Debug|Any CPU
		{1DF63BD4-F9BC-4BFA-8ED4-71ADF786AFA0}.Release|Any CPU.ActiveCfg = Release|Any CPU
		{1DF63BD4-F9BC-4BFA-8ED4-71ADF786AFA0}.Release|Any CPU.Build.0 = Release|Any CPU
		{1DF63BD4-F9BC-4BFA-8ED4-71ADF786AFA0}.Release|x64.ActiveCfg = Release|Any CPU
		{1DF63BD4-F9BC-4BFA-8ED4-71ADF786AFA0}.Release|x64.Build.0 = Release|Any CPU
		{1DF63BD4-F9BC-4BFA-8ED4-71ADF786AFA0}.Release|x86.ActiveCfg = Release|Any CPU
		{1DF63BD4-F9BC-4BFA-8ED4-71ADF786AFA0}.Release|x86.Build.0 = Release|Any CPU
		{6E2C5FEB-9CB2-42FB-B1B5-90224DD20F6B}.Debug|Any CPU.ActiveCfg = Debug|Any CPU
		{6E2C5FEB-9CB2-42FB-B1B5-90224DD20F6B}.Debug|Any CPU.Build.0 = Debug|Any CPU
		{6E2C5FEB-9CB2-42FB-B1B5-90224DD20F6B}.Debug|x64.ActiveCfg = Debug|Any CPU
		{6E2C5FEB-9CB2-42FB-B1B5-90224DD20F6B}.Debug|x64.Build.0 = Debug|Any CPU
		{6E2C5FEB-9CB2-42FB-B1B5-90224DD20F6B}.Debug|x86.ActiveCfg = Debug|Any CPU
		{6E2C5FEB-9CB2-42FB-B1B5-90224DD20F6B}.Debug|x86.Build.0 = Debug|Any CPU
		{6E2C5FEB-9CB2-42FB-B1B5-90224DD20F6B}.Release|Any CPU.ActiveCfg = Release|Any CPU
		{6E2C5FEB-9CB2-42FB-B1B5-90224DD20F6B}.Release|Any CPU.Build.0 = Release|Any CPU
		{6E2C5FEB-9CB2-42FB-B1B5-90224DD20F6B}.Release|x64.ActiveCfg = Release|Any CPU
		{6E2C5FEB-9CB2-42FB-B1B5-90224DD20F6B}.Release|x64.Build.0 = Release|Any CPU
		{6E2C5FEB-9CB2-42FB-B1B5-90224DD20F6B}.Release|x86.ActiveCfg = Release|Any CPU
		{6E2C5FEB-9CB2-42FB-B1B5-90224DD20F6B}.Release|x86.Build.0 = Release|Any CPU
		{B0D6B9BA-B531-4E4C-9E7B-AF1668CAED13}.Debug|Any CPU.ActiveCfg = Debug|Any CPU
		{B0D6B9BA-B531-4E4C-9E7B-AF1668CAED13}.Debug|Any CPU.Build.0 = Debug|Any CPU
		{B0D6B9BA-B531-4E4C-9E7B-AF1668CAED13}.Debug|x64.ActiveCfg = Debug|Any CPU
		{B0D6B9BA-B531-4E4C-9E7B-AF1668CAED13}.Debug|x64.Build.0 = Debug|Any CPU
		{B0D6B9BA-B531-4E4C-9E7B-AF1668CAED13}.Debug|x86.ActiveCfg = Debug|Any CPU
		{B0D6B9BA-B531-4E4C-9E7B-AF1668CAED13}.Debug|x86.Build.0 = Debug|Any CPU
		{B0D6B9BA-B531-4E4C-9E7B-AF1668CAED13}.Release|Any CPU.ActiveCfg = Release|Any CPU
		{B0D6B9BA-B531-4E4C-9E7B-AF1668CAED13}.Release|Any CPU.Build.0 = Release|Any CPU
		{B0D6B9BA-B531-4E4C-9E7B-AF1668CAED13}.Release|x64.ActiveCfg = Release|Any CPU
		{B0D6B9BA-B531-4E4C-9E7B-AF1668CAED13}.Release|x64.Build.0 = Release|Any CPU
		{B0D6B9BA-B531-4E4C-9E7B-AF1668CAED13}.Release|x86.ActiveCfg = Release|Any CPU
		{B0D6B9BA-B531-4E4C-9E7B-AF1668CAED13}.Release|x86.Build.0 = Release|Any CPU
		{3FDCB8A0-9916-4DF5-977D-2E5FA3A842DD}.Debug|Any CPU.ActiveCfg = Debug|Any CPU
		{3FDCB8A0-9916-4DF5-977D-2E5FA3A842DD}.Debug|Any CPU.Build.0 = Debug|Any CPU
		{3FDCB8A0-9916-4DF5-977D-2E5FA3A842DD}.Debug|x64.ActiveCfg = Debug|Any CPU
		{3FDCB8A0-9916-4DF5-977D-2E5FA3A842DD}.Debug|x64.Build.0 = Debug|Any CPU
		{3FDCB8A0-9916-4DF5-977D-2E5FA3A842DD}.Debug|x86.ActiveCfg = Debug|Any CPU
		{3FDCB8A0-9916-4DF5-977D-2E5FA3A842DD}.Debug|x86.Build.0 = Debug|Any CPU
		{3FDCB8A0-9916-4DF5-977D-2E5FA3A842DD}.Release|Any CPU.ActiveCfg = Release|Any CPU
		{3FDCB8A0-9916-4DF5-977D-2E5FA3A842DD}.Release|Any CPU.Build.0 = Release|Any CPU
		{3FDCB8A0-9916-4DF5-977D-2E5FA3A842DD}.Release|x64.ActiveCfg = Release|Any CPU
		{3FDCB8A0-9916-4DF5-977D-2E5FA3A842DD}.Release|x64.Build.0 = Release|Any CPU
		{3FDCB8A0-9916-4DF5-977D-2E5FA3A842DD}.Release|x86.ActiveCfg = Release|Any CPU
		{3FDCB8A0-9916-4DF5-977D-2E5FA3A842DD}.Release|x86.Build.0 = Release|Any CPU
		{CE72DF24-D4E6-4FE9-8EA2-A6393327E62D}.Debug|Any CPU.ActiveCfg = Debug|Any CPU
		{CE72DF24-D4E6-4FE9-8EA2-A6393327E62D}.Debug|Any CPU.Build.0 = Debug|Any CPU
		{CE72DF24-D4E6-4FE9-8EA2-A6393327E62D}.Debug|x64.ActiveCfg = Debug|Any CPU
		{CE72DF24-D4E6-4FE9-8EA2-A6393327E62D}.Debug|x64.Build.0 = Debug|Any CPU
		{CE72DF24-D4E6-4FE9-8EA2-A6393327E62D}.Debug|x86.ActiveCfg = Debug|Any CPU
		{CE72DF24-D4E6-4FE9-8EA2-A6393327E62D}.Debug|x86.Build.0 = Debug|Any CPU
		{CE72DF24-D4E6-4FE9-8EA2-A6393327E62D}.Release|Any CPU.ActiveCfg = Release|Any CPU
		{CE72DF24-D4E6-4FE9-8EA2-A6393327E62D}.Release|Any CPU.Build.0 = Release|Any CPU
		{CE72DF24-D4E6-4FE9-8EA2-A6393327E62D}.Release|x64.ActiveCfg = Release|Any CPU
		{CE72DF24-D4E6-4FE9-8EA2-A6393327E62D}.Release|x64.Build.0 = Release|Any CPU
		{CE72DF24-D4E6-4FE9-8EA2-A6393327E62D}.Release|x86.ActiveCfg = Release|Any CPU
		{CE72DF24-D4E6-4FE9-8EA2-A6393327E62D}.Release|x86.Build.0 = Release|Any CPU
		{80E43D58-ABE3-43BF-8759-C5FE387A8D73}.Debug|Any CPU.ActiveCfg = Debug|Any CPU
		{80E43D58-ABE3-43BF-8759-C5FE387A8D73}.Debug|Any CPU.Build.0 = Debug|Any CPU
		{80E43D58-ABE3-43BF-8759-C5FE387A8D73}.Debug|x64.ActiveCfg = Debug|Any CPU
		{80E43D58-ABE3-43BF-8759-C5FE387A8D73}.Debug|x64.Build.0 = Debug|Any CPU
		{80E43D58-ABE3-43BF-8759-C5FE387A8D73}.Debug|x86.ActiveCfg = Debug|Any CPU
		{80E43D58-ABE3-43BF-8759-C5FE387A8D73}.Debug|x86.Build.0 = Debug|Any CPU
		{80E43D58-ABE3-43BF-8759-C5FE387A8D73}.Release|Any CPU.ActiveCfg = Release|Any CPU
		{80E43D58-ABE3-43BF-8759-C5FE387A8D73}.Release|Any CPU.Build.0 = Release|Any CPU
		{80E43D58-ABE3-43BF-8759-C5FE387A8D73}.Release|x64.ActiveCfg = Release|Any CPU
		{80E43D58-ABE3-43BF-8759-C5FE387A8D73}.Release|x64.Build.0 = Release|Any CPU
		{80E43D58-ABE3-43BF-8759-C5FE387A8D73}.Release|x86.ActiveCfg = Release|Any CPU
		{80E43D58-ABE3-43BF-8759-C5FE387A8D73}.Release|x86.Build.0 = Release|Any CPU
		{A49ACB4E-DC34-4629-9A68-AD3679F405A1}.Debug|Any CPU.ActiveCfg = Debug|Any CPU
		{A49ACB4E-DC34-4629-9A68-AD3679F405A1}.Debug|Any CPU.Build.0 = Debug|Any CPU
		{A49ACB4E-DC34-4629-9A68-AD3679F405A1}.Debug|x64.ActiveCfg = Debug|Any CPU
		{A49ACB4E-DC34-4629-9A68-AD3679F405A1}.Debug|x64.Build.0 = Debug|Any CPU
		{A49ACB4E-DC34-4629-9A68-AD3679F405A1}.Debug|x86.ActiveCfg = Debug|Any CPU
		{A49ACB4E-DC34-4629-9A68-AD3679F405A1}.Debug|x86.Build.0 = Debug|Any CPU
		{A49ACB4E-DC34-4629-9A68-AD3679F405A1}.Release|Any CPU.ActiveCfg = Release|Any CPU
		{A49ACB4E-DC34-4629-9A68-AD3679F405A1}.Release|Any CPU.Build.0 = Release|Any CPU
		{A49ACB4E-DC34-4629-9A68-AD3679F405A1}.Release|x64.ActiveCfg = Release|Any CPU
		{A49ACB4E-DC34-4629-9A68-AD3679F405A1}.Release|x64.Build.0 = Release|Any CPU
		{A49ACB4E-DC34-4629-9A68-AD3679F405A1}.Release|x86.ActiveCfg = Release|Any CPU
		{A49ACB4E-DC34-4629-9A68-AD3679F405A1}.Release|x86.Build.0 = Release|Any CPU
		{4826D4BA-E0B5-44A1-8E97-B3FBBD960204}.Debug|Any CPU.ActiveCfg = Debug|Any CPU
		{4826D4BA-E0B5-44A1-8E97-B3FBBD960204}.Debug|Any CPU.Build.0 = Debug|Any CPU
		{4826D4BA-E0B5-44A1-8E97-B3FBBD960204}.Debug|x64.ActiveCfg = Debug|Any CPU
		{4826D4BA-E0B5-44A1-8E97-B3FBBD960204}.Debug|x64.Build.0 = Debug|Any CPU
		{4826D4BA-E0B5-44A1-8E97-B3FBBD960204}.Debug|x86.ActiveCfg = Debug|Any CPU
		{4826D4BA-E0B5-44A1-8E97-B3FBBD960204}.Debug|x86.Build.0 = Debug|Any CPU
		{4826D4BA-E0B5-44A1-8E97-B3FBBD960204}.Release|Any CPU.ActiveCfg = Release|Any CPU
		{4826D4BA-E0B5-44A1-8E97-B3FBBD960204}.Release|Any CPU.Build.0 = Release|Any CPU
		{4826D4BA-E0B5-44A1-8E97-B3FBBD960204}.Release|x64.ActiveCfg = Release|Any CPU
		{4826D4BA-E0B5-44A1-8E97-B3FBBD960204}.Release|x64.Build.0 = Release|Any CPU
		{4826D4BA-E0B5-44A1-8E97-B3FBBD960204}.Release|x86.ActiveCfg = Release|Any CPU
		{4826D4BA-E0B5-44A1-8E97-B3FBBD960204}.Release|x86.Build.0 = Release|Any CPU
		{832E9F09-AD62-4C7B-9223-61F307762AC8}.Debug|Any CPU.ActiveCfg = Debug|Any CPU
		{832E9F09-AD62-4C7B-9223-61F307762AC8}.Debug|Any CPU.Build.0 = Debug|Any CPU
		{832E9F09-AD62-4C7B-9223-61F307762AC8}.Debug|x64.ActiveCfg = Debug|Any CPU
		{832E9F09-AD62-4C7B-9223-61F307762AC8}.Debug|x64.Build.0 = Debug|Any CPU
		{832E9F09-AD62-4C7B-9223-61F307762AC8}.Debug|x86.ActiveCfg = Debug|Any CPU
		{832E9F09-AD62-4C7B-9223-61F307762AC8}.Debug|x86.Build.0 = Debug|Any CPU
		{832E9F09-AD62-4C7B-9223-61F307762AC8}.Release|Any CPU.ActiveCfg = Release|Any CPU
		{832E9F09-AD62-4C7B-9223-61F307762AC8}.Release|Any CPU.Build.0 = Release|Any CPU
		{832E9F09-AD62-4C7B-9223-61F307762AC8}.Release|x64.ActiveCfg = Release|Any CPU
		{832E9F09-AD62-4C7B-9223-61F307762AC8}.Release|x64.Build.0 = Release|Any CPU
		{832E9F09-AD62-4C7B-9223-61F307762AC8}.Release|x86.ActiveCfg = Release|Any CPU
		{832E9F09-AD62-4C7B-9223-61F307762AC8}.Release|x86.Build.0 = Release|Any CPU
		{D8D8B9A0-24D7-4067-83CE-0E33C1DA1DBE}.Debug|Any CPU.ActiveCfg = Debug|Any CPU
		{D8D8B9A0-24D7-4067-83CE-0E33C1DA1DBE}.Debug|Any CPU.Build.0 = Debug|Any CPU
		{D8D8B9A0-24D7-4067-83CE-0E33C1DA1DBE}.Debug|x64.ActiveCfg = Debug|Any CPU
		{D8D8B9A0-24D7-4067-83CE-0E33C1DA1DBE}.Debug|x64.Build.0 = Debug|Any CPU
		{D8D8B9A0-24D7-4067-83CE-0E33C1DA1DBE}.Debug|x86.ActiveCfg = Debug|Any CPU
		{D8D8B9A0-24D7-4067-83CE-0E33C1DA1DBE}.Debug|x86.Build.0 = Debug|Any CPU
		{D8D8B9A0-24D7-4067-83CE-0E33C1DA1DBE}.Release|Any CPU.ActiveCfg = Release|Any CPU
		{D8D8B9A0-24D7-4067-83CE-0E33C1DA1DBE}.Release|Any CPU.Build.0 = Release|Any CPU
		{D8D8B9A0-24D7-4067-83CE-0E33C1DA1DBE}.Release|x64.ActiveCfg = Release|Any CPU
		{D8D8B9A0-24D7-4067-83CE-0E33C1DA1DBE}.Release|x64.Build.0 = Release|Any CPU
		{D8D8B9A0-24D7-4067-83CE-0E33C1DA1DBE}.Release|x86.ActiveCfg = Release|Any CPU
		{D8D8B9A0-24D7-4067-83CE-0E33C1DA1DBE}.Release|x86.Build.0 = Release|Any CPU
	EndGlobalSection
	GlobalSection(SolutionProperties) = preSolution
		HideSolutionNode = FALSE
	EndGlobalSection
	GlobalSection(NestedProjects) = preSolution
		{DE08ED38-CBA9-4444-87E5-64567F98A917} = {66D39592-D4D2-45A0-88F5-0C11E2C05B96}
		{FC06C893-939D-4B59-B568-4D16A442B480} = {5402605A-F843-48B9-B29C-3799FB6FCC01}
		{F6349AA2-3167-471D-9D8F-27F3A9C35768} = {66D39592-D4D2-45A0-88F5-0C11E2C05B96}
		{DE37674E-D7E8-4E81-B138-9DBF14D00F5F} = {66D39592-D4D2-45A0-88F5-0C11E2C05B96}
		{023E1E31-ED23-4654-8060-906E405ABF95} = {5402605A-F843-48B9-B29C-3799FB6FCC01}
		{D8B74954-C404-43DA-9710-DB0244452CE6} = {66D39592-D4D2-45A0-88F5-0C11E2C05B96}
		{0F0FDBD3-E8F7-446D-BB66-56217F06964F} = {5402605A-F843-48B9-B29C-3799FB6FCC01}
		{7587198B-22A3-49FD-803B-3431A905879F} = {66D39592-D4D2-45A0-88F5-0C11E2C05B96}
		{5F60DEB9-2482-44D6-AA7E-12A293199025} = {5402605A-F843-48B9-B29C-3799FB6FCC01}
		{729C72F3-A4F0-4C9C-A7C0-12A32F758CA7} = {66D39592-D4D2-45A0-88F5-0C11E2C05B96}
		{1DF63BD4-F9BC-4BFA-8ED4-71ADF786AFA0} = {66D39592-D4D2-45A0-88F5-0C11E2C05B96}
		{6E2C5FEB-9CB2-42FB-B1B5-90224DD20F6B} = {66D39592-D4D2-45A0-88F5-0C11E2C05B96}
		{B0D6B9BA-B531-4E4C-9E7B-AF1668CAED13} = {66D39592-D4D2-45A0-88F5-0C11E2C05B96}
		{3FDCB8A0-9916-4DF5-977D-2E5FA3A842DD} = {5402605A-F843-48B9-B29C-3799FB6FCC01}
		{CE72DF24-D4E6-4FE9-8EA2-A6393327E62D} = {66D39592-D4D2-45A0-88F5-0C11E2C05B96}
		{80E43D58-ABE3-43BF-8759-C5FE387A8D73} = {66D39592-D4D2-45A0-88F5-0C11E2C05B96}
		{A49ACB4E-DC34-4629-9A68-AD3679F405A1} = {66D39592-D4D2-45A0-88F5-0C11E2C05B96}
		{4826D4BA-E0B5-44A1-8E97-B3FBBD960204} = {66D39592-D4D2-45A0-88F5-0C11E2C05B96}
		{832E9F09-AD62-4C7B-9223-61F307762AC8} = {5402605A-F843-48B9-B29C-3799FB6FCC01}
		{D8D8B9A0-24D7-4067-83CE-0E33C1DA1DBE} = {5402605A-F843-48B9-B29C-3799FB6FCC01}
	EndGlobalSection
	GlobalSection(ExtensibilityGlobals) = postSolution
		SolutionGuid = {12BBE57E-F306-46C8-9C15-B98EA00DC44E}
	EndGlobalSection
EndGlobal
